
Microsoft Visual Studio Solution File, Format Version 12.00
# Visual Studio 15
VisualStudioVersion = 15.0.28307.852
MinimumVisualStudioVersion = 10.0.40219.1
Project("{888888A0-9F3D-457C-B088-3A5042F75D52}") = "JesusIsAliveWorldwideEvangelisticMinistry", "JesusIsAliveWorldwideEvangelisticMinistry\JesusIsAliveWorldwideEvangelisticMinistry.pyproj", "{CF37199F-EC23-4776-96E6-D416CF6681BD}"
EndProject
Global
	GlobalSection(SolutionConfigurationPlatforms) = preSolution
		Debug|Any CPU = Debug|Any CPU
		Release|Any CPU = Release|Any CPU
	EndGlobalSection
	GlobalSection(ProjectConfigurationPlatforms) = postSolution
		{CF37199F-EC23-4776-96E6-D416CF6681BD}.Debug|Any CPU.ActiveCfg = Debug|Any CPU
		{CF37199F-EC23-4776-96E6-D416CF6681BD}.Debug|Any CPU.Build.0 = Debug|Any CPU
		{CF37199F-EC23-4776-96E6-D416CF6681BD}.Release|Any CPU.ActiveCfg = Release|Any CPU
		{CF37199F-EC23-4776-96E6-D416CF6681BD}.Release|Any CPU.Build.0 = Release|Any CPU
	EndGlobalSection
	GlobalSection(SolutionProperties) = preSolution
		HideSolutionNode = FALSE
	EndGlobalSection
	GlobalSection(ExtensibilityGlobals) = postSolution
		SolutionGuid = {0D6A4D95-0690-421E-AEF5-CDAF071E19C7}
	EndGlobalSection
EndGlobal
